
Microsoft Visual Studio Solution File, Format Version 12.00
# Visual Studio Version 17
VisualStudioVersion = 17.5.33516.290
MinimumVisualStudioVersion = 10.0.40219.1
Project("{FAE04EC0-301F-11D3-BF4B-00C04F79EFBC}") = "SDPSubatCore3.UI", "SDPSubatCore3.UI\SDPSubatCore3.UI.csproj", "{A9F2F7C6-5F65-4983-9519-0632B9F7D242}"
EndProject
Global
	GlobalSection(SolutionConfigurationPlatforms) = preSolution
		Debug|Any CPU = Debug|Any CPU
		Release|Any CPU = Release|Any CPU
	EndGlobalSection
	GlobalSection(ProjectConfigurationPlatforms) = postSolution
		{A9F2F7C6-5F65-4983-9519-0632B9F7D242}.Debug|Any CPU.ActiveCfg = Debug|Any CPU
		{A9F2F7C6-5F65-4983-9519-0632B9F7D242}.Debug|Any CPU.Build.0 = Debug|Any CPU
		{A9F2F7C6-5F65-4983-9519-0632B9F7D242}.Release|Any CPU.ActiveCfg = Release|Any CPU
		{A9F2F7C6-5F65-4983-9519-0632B9F7D242}.Release|Any CPU.Build.0 = Release|Any CPU
	EndGlobalSection
	GlobalSection(SolutionProperties) = preSolution
		HideSolutionNode = FALSE
	EndGlobalSection
	GlobalSection(ExtensibilityGlobals) = postSolution
		SolutionGuid = {0C3EBA63-D78C-4A47-A6E7-E9AA7B5B122A}
	EndGlobalSection
EndGlobal
